
Microsoft Visual Studio Solution File, Format Version 12.00
# Visual Studio Version 18
VisualStudioVersion = 18.3.11304.161
MinimumVisualStudioVersion = 10.0.40219.1
Project("{2150E333-8FDC-42A3-9474-1A3956D46DE8}") = "src", "src", "{02EA681E-C7D8-13C7-8484-4AC65E1B71E8}"
EndProject
Project("{FAE04EC0-301F-11D3-BF4B-00C04F79EFBC}") = "Mezon.Net.Core", "src\Mezon.Net.Core\Mezon.Net.Core.csproj", "{49481AFC-7FC0-5D74-2BC1-662F9DF9036A}"
EndProject
Project("{FAE04EC0-301F-11D3-BF4B-00C04F79EFBC}") = "Mezon.Net.Example", "src\Mezon.Net.Example\Mezon.Net.Example.csproj", "{056C9E85-47F6-598C-8037-ACDD789BA7DD}"
EndProject
Project("{2150E333-8FDC-42A3-9474-1A3956D46DE8}") = "Implementations", "Implementations", "{F2E99996-F1F9-4E6B-A628-031F8BDCE53B}"
EndProject
Project("{FAE04EC0-301F-11D3-BF4B-00C04F79EFBC}") = "Mezon.Net.Client", "src\Mezon.Net.Client\Mezon.Net.Client.csproj", "{C0168576-6AD2-46DA-9A14-8C0157A8760D}"
EndProject
Project("{FAE04EC0-301F-11D3-BF4B-00C04F79EFBC}") = "Mezon.Net.Transport", "src\Mezon.Net.Transport\Mezon.Net.Transport.csproj", "{FF58B9C5-3EA2-4773-B679-A52C19F76D01}"
EndProject
Project("{2150E333-8FDC-42A3-9474-1A3956D46DE8}") = "tests", "tests", "{F2010EA9-F2F9-42AB-90BD-C1D5542F1943}"
EndProject
Project("{FAE04EC0-301F-11D3-BF4B-00C04F79EFBC}") = "Mezon.Net.Transport.Tests", "tests\Mezon.Net.Transport.Tests\Mezon.Net.Transport.Tests.csproj", "{9C0E270D-9140-4773-B7BC-5E0F0ED2B3CD}"
EndProject
Project("{FAE04EC0-301F-11D3-BF4B-00C04F79EFBC}") = "Mezon.Net.Sdk", "src\Mezon.Net.Sdk\Mezon.Net.Sdk.csproj", "{B0AF1B7A-474D-4B04-A2BA-80398AF626B2}"
EndProject
Project("{FAE04EC0-301F-11D3-BF4B-00C04F79EFBC}") = "Mezon.Net.Client.Tests", "tests\Mezon.Net.Client.Tests\Mezon.Net.Client.Tests.csproj", "{DBA22CD9-C3A7-4489-AAEC-B99DF6737BD5}"
EndProject
Project("{FAE04EC0-301F-11D3-BF4B-00C04F79EFBC}") = "Mezon.Net.Mmn", "src\Mezon.Net.Mmn\Mezon.Net.Mmn.csproj", "{974C72BA-4C9B-464B-8BDB-02D7F613AE88}"
EndProject
Project("{FAE04EC0-301F-11D3-BF4B-00C04F79EFBC}") = "Mezon.Net.Sdk.Tests", "tests\Mezon.Net.Sdk.Tests\Mezon.Net.Sdk.Tests.csproj", "{BDDB1589-F5B5-4920-8AB1-19CC399AC81B}"
EndProject
Project("{FAE04EC0-301F-11D3-BF4B-00C04F79EFBC}") = "Mezon.Net.Sdk.Benchmarks", "tests\Mezon.Net.Sdk.Benchmarks\Mezon.Net.Sdk.Benchmarks.csproj", "{559006D8-9093-4253-808E-713763A9BBF1}"
EndProject
Project("{FAE04EC0-301F-11D3-BF4B-00C04F79EFBC}") = "Mezon.Net.Sdk.Example", "src\Mezon.Net.Sdk.Example\Mezon.Net.Sdk.Example.csproj", "{CE4B85E2-EFB3-47F9-AA10-D21DBCBFE6BD}"
EndProject
Project("{FAE04EC0-301F-11D3-BF4B-00C04F79EFBC}") = "Mezon.Net.Generators", "src\Mezon.Net.Generators\Mezon.Net.Generators.csproj", "{7158353E-432E-4A2F-8B46-49A24C269AFF}"
EndProject
Project("{2150E333-8FDC-42A3-9474-1A3956D46DE8}") = "Examples", "Examples", "{81D6B910-BD27-4AFB-B05D-E8DD213BFD27}"
EndProject
Project("{2150E333-8FDC-42A3-9474-1A3956D46DE8}") = "Cores", "Cores", "{BBD90292-AD06-4B24-8BCC-E45A44F27F82}"
EndProject
Project("{2150E333-8FDC-42A3-9474-1A3956D46DE8}") = "Ecosystems", "Ecosystems", "{CE76727A-4E05-431D-9DEB-08DF19579DF3}"
EndProject
Project("{FAE04EC0-301F-11D3-BF4B-00C04F79EFBC}") = "Mezon.Net.Mmn.Tests", "tests\Mezon.Net.Mmn.Tests\Mezon.Net.Mmn.Tests.csproj", "{3C25C704-9B66-437D-ACB9-C4368B04B2F5}"
EndProject
Project("{FAE04EC0-301F-11D3-BF4B-00C04F79EFBC}") = "Mezon.Net.Sdk.Caching.Redis", "src\Mezon.Net.Sdk.Caching.Redis\Mezon.Net.Sdk.Caching.Redis.csproj", "{4A6BF7FA-1037-4572-BFD9-1EF45930F635}"
EndProject
Project("{FAE04EC0-301F-11D3-BF4B-00C04F79EFBC}") = "Mezon.Net.Sdk.Caching.Redis.Tests", "tests\Mezon.Net.Sdk.Caching.Redis.Tests\Mezon.Net.Sdk.Caching.Redis.Tests.csproj", "{85DE18D6-DD43-4117-B465-53EBB8C2115E}"
EndProject
Project("{FAE04EC0-301F-11D3-BF4B-00C04F79EFBC}") = "Mezon.Net.Sdk.Caching.Sqlite", "src\Mezon.Net.Sdk.Caching.Sqlite\Mezon.Net.Sdk.Caching.Sqlite.csproj", "{09A9B120-1193-4B15-B2F4-029101246F77}"
EndProject
Project("{FAE04EC0-301F-11D3-BF4B-00C04F79EFBC}") = "Mezon.Net.Sdk.Caching.Sqlite.Tests", "tests\Mezon.Net.Sdk.Caching.Sqlite.Tests\Mezon.Net.Sdk.Caching.Sqlite.Tests.csproj", "{21E672E0-DC89-47E3-A153-AA701C82A44B}"
EndProject
Project("{FAE04EC0-301F-11D3-BF4B-00C04F79EFBC}") = "Mezon.Net.Client.Benchmarks", "tests\Mezon.Net.Client.Benchmarks\Mezon.Net.Client.Benchmarks.csproj", "{6F6408B8-9F66-4355-A819-63AB51F8B00F}"
EndProject
Project("{2150E333-8FDC-42A3-9474-1A3956D46DE8}") = "docs", "docs", "{9FC67223-2D41-4CC8-A9F7-9997CD82F0B2}"
	ProjectSection(SolutionItems) = preProject
		docs\caching-l2-l3.md = docs\caching-l2-l3.md
		docs\events-and-cache.md = docs\events-and-cache.md
		docs\high-perf-sdk.md = docs\high-perf-sdk.md
	EndProjectSection
EndProject
Project("{2150E333-8FDC-42A3-9474-1A3956D46DE8}") = "Solution Items", "Solution Items", "{989D9C65-8F39-4CDD-B428-D34C85D95CED}"
	ProjectSection(SolutionItems) = preProject
		.editorconfig = .editorconfig
		.gitignore = .gitignore
		Directory.Build.props = Directory.Build.props
		LICENSE = LICENSE
		Mezon.Net.targets = Mezon.Net.targets
		NUGET_README.md = NUGET_README.md
		README.md = README.md
	EndProjectSection
EndProject
Global
	GlobalSection(SolutionConfigurationPlatforms) = preSolution
		Debug|Any CPU = Debug|Any CPU
		Debug|x64 = Debug|x64
		Debug|x86 = Debug|x86
		Release|Any CPU = Release|Any CPU
		Release|x64 = Release|x64
		Release|x86 = Release|x86
	EndGlobalSection
	GlobalSection(ProjectConfigurationPlatforms) = postSolution
		{49481AFC-7FC0-5D74-2BC1-662F9DF9036A}.Debug|Any CPU.ActiveCfg = Debug|Any CPU
		{49481AFC-7FC0-5D74-2BC1-662F9DF9036A}.Debug|Any CPU.Build.0 = Debug|Any CPU
		{49481AFC-7FC0-5D74-2BC1-662F9DF9036A}.Debug|x64.ActiveCfg = Debug|Any CPU
		{49481AFC-7FC0-5D74-2BC1-662F9DF9036A}.Debug|x64.Build.0 = Debug|Any CPU
		{49481AFC-7FC0-5D74-2BC1-662F9DF9036A}.Debug|x86.ActiveCfg = Debug|Any CPU
		{49481AFC-7FC0-5D74-2BC1-662F9DF9036A}.Debug|x86.Build.0 = Debug|Any CPU
		{49481AFC-7FC0-5D74-2BC1-662F9DF9036A}.Release|Any CPU.ActiveCfg = Release|Any CPU
		{49481AFC-7FC0-5D74-2BC1-662F9DF9036A}.Release|Any CPU.Build.0 = Release|Any CPU
		{49481AFC-7FC0-5D74-2BC1-662F9DF9036A}.Release|x64.ActiveCfg = Release|Any CPU
		{49481AFC-7FC0-5D74-2BC1-662F9DF9036A}.Release|x64.Build.0 = Release|Any CPU
		{49481AFC-7FC0-5D74-2BC1-662F9DF9036A}.Release|x86.ActiveCfg = Release|Any CPU
		{49481AFC-7FC0-5D74-2BC1-662F9DF9036A}.Release|x86.Build.0 = Release|Any CPU
		{056C9E85-47F6-598C-8037-ACDD789BA7DD}.Debug|Any CPU.ActiveCfg = Debug|Any CPU
		{056C9E85-47F6-598C-8037-ACDD789BA7DD}.Debug|Any CPU.Build.0 = Debug|Any CPU
		{056C9E85-47F6-598C-8037-ACDD789BA7DD}.Debug|x64.ActiveCfg = Debug|Any CPU
		{056C9E85-47F6-598C-8037-ACDD789BA7DD}.Debug|x64.Build.0 = Debug|Any CPU
		{056C9E85-47F6-598C-8037-ACDD789BA7DD}.Debug|x86.ActiveCfg = Debug|Any CPU
		{056C9E85-47F6-598C-8037-ACDD789BA7DD}.Debug|x86.Build.0 = Debug|Any CPU
		{056C9E85-47F6-598C-8037-ACDD789BA7DD}.Release|Any CPU.ActiveCfg = Release|Any CPU
		{056C9E85-47F6-598C-8037-ACDD789BA7DD}.Release|Any CPU.Build.0 = Release|Any CPU
		{056C9E85-47F6-598C-8037-ACDD789BA7DD}.Release|x64.ActiveCfg = Release|Any CPU
		{056C9E85-47F6-598C-8037-ACDD789BA7DD}.Release|x64.Build.0 = Release|Any CPU
		{056C9E85-47F6-598C-8037-ACDD789BA7DD}.Release|x86.ActiveCfg = Release|Any CPU
		{056C9E85-47F6-598C-8037-ACDD789BA7DD}.Release|x86.Build.0 = Release|Any CPU
		{C0168576-6AD2-46DA-9A14-8C0157A8760D}.Debug|Any CPU.ActiveCfg = Debug|Any CPU
		{C0168576-6AD2-46DA-9A14-8C0157A8760D}.Debug|Any CPU.Build.0 = Debug|Any CPU
		{C0168576-6AD2-46DA-9A14-8C0157A8760D}.Debug|x64.ActiveCfg = Debug|Any CPU
		{C0168576-6AD2-46DA-9A14-8C0157A8760D}.Debug|x64.Build.0 = Debug|Any CPU
		{C0168576-6AD2-46DA-9A14-8C0157A8760D}.Debug|x86.ActiveCfg = Debug|Any CPU
		{C0168576-6AD2-46DA-9A14-8C0157A8760D}.Debug|x86.Build.0 = Debug|Any CPU
		{C0168576-6AD2-46DA-9A14-8C0157A8760D}.Release|Any CPU.ActiveCfg = Release|Any CPU
		{C0168576-6AD2-46DA-9A14-8C0157A8760D}.Release|Any CPU.Build.0 = Release|Any CPU
		{C0168576-6AD2-46DA-9A14-8C0157A8760D}.Release|x64.ActiveCfg = Release|Any CPU
		{C0168576-6AD2-46DA-9A14-8C0157A8760D}.Release|x64.Build.0 = Release|Any CPU
		{C0168576-6AD2-46DA-9A14-8C0157A8760D}.Release|x86.ActiveCfg = Release|Any CPU
		{C0168576-6AD2-46DA-9A14-8C0157A8760D}.Release|x86.Build.0 = Release|Any CPU
		{FF58B9C5-3EA2-4773-B679-A52C19F76D01}.Debug|Any CPU.ActiveCfg = Debug|Any CPU
		{FF58B9C5-3EA2-4773-B679-A52C19F76D01}.Debug|Any CPU.Build.0 = Debug|Any CPU
		{FF58B9C5-3EA2-4773-B679-A52C19F76D01}.Debug|x64.ActiveCfg = Debug|Any CPU
		{FF58B9C5-3EA2-4773-B679-A52C19F76D01}.Debug|x64.Build.0 = Debug|Any CPU
		{FF58B9C5-3EA2-4773-B679-A52C19F76D01}.Debug|x86.ActiveCfg = Debug|Any CPU
		{FF58B9C5-3EA2-4773-B679-A52C19F76D01}.Debug|x86.Build.0 = Debug|Any CPU
		{FF58B9C5-3EA2-4773-B679-A52C19F76D01}.Release|Any CPU.ActiveCfg = Release|Any CPU
		{FF58B9C5-3EA2-4773-B679-A52C19F76D01}.Release|Any CPU.Build.0 = Release|Any CPU
		{FF58B9C5-3EA2-4773-B679-A52C19F76D01}.Release|x64.ActiveCfg = Release|Any CPU
		{FF58B9C5-3EA2-4773-B679-A52C19F76D01}.Release|x64.Build.0 = Release|Any CPU
		{FF58B9C5-3EA2-4773-B679-A52C19F76D01}.Release|x86.ActiveCfg = Release|Any CPU
		{FF58B9C5-3EA2-4773-B679-A52C19F76D01}.Release|x86.Build.0 = Release|Any CPU
		{9C0E270D-9140-4773-B7BC-5E0F0ED2B3CD}.Debug|Any CPU.ActiveCfg = Debug|Any CPU
		{9C0E270D-9140-4773-B7BC-5E0F0ED2B3CD}.Debug|Any CPU.Build.0 = Debug|Any CPU
		{9C0E270D-9140-4773-B7BC-5E0F0ED2B3CD}.Debug|x64.ActiveCfg = Debug|Any CPU
		{9C0E270D-9140-4773-B7BC-5E0F0ED2B3CD}.Debug|x64.Build.0 = Debug|Any CPU
		{9C0E270D-9140-4773-B7BC-5E0F0ED2B3CD}.Debug|x86.ActiveCfg = Debug|Any CPU
		{9C0E270D-9140-4773-B7BC-5E0F0ED2B3CD}.Debug|x86.Build.0 = Debug|Any CPU
		{9C0E270D-9140-4773-B7BC-5E0F0ED2B3CD}.Release|Any CPU.ActiveCfg = Release|Any CPU
		{9C0E270D-9140-4773-B7BC-5E0F0ED2B3CD}.Release|Any CPU.Build.0 = Release|Any CPU
		{9C0E270D-9140-4773-B7BC-5E0F0ED2B3CD}.Release|x64.ActiveCfg = Release|Any CPU
		{9C0E270D-9140-4773-B7BC-5E0F0ED2B3CD}.Release|x64.Build.0 = Release|Any CPU
		{9C0E270D-9140-4773-B7BC-5E0F0ED2B3CD}.Release|x86.ActiveCfg = Release|Any CPU
		{9C0E270D-9140-4773-B7BC-5E0F0ED2B3CD}.Release|x86.Build.0 = Release|Any CPU
		{B0AF1B7A-474D-4B04-A2BA-80398AF626B2}.Debug|Any CPU.ActiveCfg = Debug|Any CPU
		{B0AF1B7A-474D-4B04-A2BA-80398AF626B2}.Debug|Any CPU.Build.0 = Debug|Any CPU
		{B0AF1B7A-474D-4B04-A2BA-80398AF626B2}.Debug|x64.ActiveCfg = Debug|Any CPU
		{B0AF1B7A-474D-4B04-A2BA-80398AF626B2}.Debug|x64.Build.0 = Debug|Any CPU
		{B0AF1B7A-474D-4B04-A2BA-80398AF626B2}.Debug|x86.ActiveCfg = Debug|Any CPU
		{B0AF1B7A-474D-4B04-A2BA-80398AF626B2}.Debug|x86.Build.0 = Debug|Any CPU
		{B0AF1B7A-474D-4B04-A2BA-80398AF626B2}.Release|Any CPU.ActiveCfg = Release|Any CPU
		{B0AF1B7A-474D-4B04-A2BA-80398AF626B2}.Release|Any CPU.Build.0 = Release|Any CPU
		{B0AF1B7A-474D-4B04-A2BA-80398AF626B2}.Release|x64.ActiveCfg = Release|Any CPU
		{B0AF1B7A-474D-4B04-A2BA-80398AF626B2}.Release|x64.Build.0 = Release|Any CPU
		{B0AF1B7A-474D-4B04-A2BA-80398AF626B2}.Release|x86.ActiveCfg = Release|Any CPU
		{B0AF1B7A-474D-4B04-A2BA-80398AF626B2}.Release|x86.Build.0 = Release|Any CPU
		{DBA22CD9-C3A7-4489-AAEC-B99DF6737BD5}.Debug|Any CPU.ActiveCfg = Debug|Any CPU
		{DBA22CD9-C3A7-4489-AAEC-B99DF6737BD5}.Debug|Any CPU.Build.0 = Debug|Any CPU
		{DBA22CD9-C3A7-4489-AAEC-B99DF6737BD5}.Debug|x64.ActiveCfg = Debug|Any CPU
		{DBA22CD9-C3A7-4489-AAEC-B99DF6737BD5}.Debug|x64.Build.0 = Debug|Any CPU
		{DBA22CD9-C3A7-4489-AAEC-B99DF6737BD5}.Debug|x86.ActiveCfg = Debug|Any CPU
		{DBA22CD9-C3A7-4489-AAEC-B99DF6737BD5}.Debug|x86.Build.0 = Debug|Any CPU
		{DBA22CD9-C3A7-4489-AAEC-B99DF6737BD5}.Release|Any CPU.ActiveCfg = Release|Any CPU
		{DBA22CD9-C3A7-4489-AAEC-B99DF6737BD5}.Release|Any CPU.Build.0 = Release|Any CPU
		{DBA22CD9-C3A7-4489-AAEC-B99DF6737BD5}.Release|x64.ActiveCfg = Release|Any CPU
		{DBA22CD9-C3A7-4489-AAEC-B99DF6737BD5}.Release|x64.Build.0 = Release|Any CPU
		{DBA22CD9-C3A7-4489-AAEC-B99DF6737BD5}.Release|x86.ActiveCfg = Release|Any CPU
		{DBA22CD9-C3A7-4489-AAEC-B99DF6737BD5}.Release|x86.Build.0 = Release|Any CPU
		{974C72BA-4C9B-464B-8BDB-02D7F613AE88}.Debug|Any CPU.ActiveCfg = Debug|Any CPU
		{974C72BA-4C9B-464B-8BDB-02D7F613AE88}.Debug|Any CPU.Build.0 = Debug|Any CPU
		{974C72BA-4C9B-464B-8BDB-02D7F613AE88}.Debug|x64.ActiveCfg = Debug|Any CPU
		{974C72BA-4C9B-464B-8BDB-02D7F613AE88}.Debug|x64.Build.0 = Debug|Any CPU
		{974C72BA-4C9B-464B-8BDB-02D7F613AE88}.Debug|x86.ActiveCfg = Debug|Any CPU
		{974C72BA-4C9B-464B-8BDB-02D7F613AE88}.Debug|x86.Build.0 = Debug|Any CPU
		{974C72BA-4C9B-464B-8BDB-02D7F613AE88}.Release|Any CPU.ActiveCfg = Release|Any CPU
		{974C72BA-4C9B-464B-8BDB-02D7F613AE88}.Release|Any CPU.Build.0 = Release|Any CPU
		{974C72BA-4C9B-464B-8BDB-02D7F613AE88}.Release|x64.ActiveCfg = Release|Any CPU
		{974C72BA-4C9B-464B-8BDB-02D7F613AE88}.Release|x64.Build.0 = Release|Any CPU
		{974C72BA-4C9B-464B-8BDB-02D7F613AE88}.Release|x86.ActiveCfg = Release|Any CPU
		{974C72BA-4C9B-464B-8BDB-02D7F613AE88}.Release|x86.Build.0 = Release|Any CPU
		{BDDB1589-F5B5-4920-8AB1-19CC399AC81B}.Debug|Any CPU.ActiveCfg = Debug|Any CPU
		{BDDB1589-F5B5-4920-8AB1-19CC399AC81B}.Debug|Any CPU.Build.0 = Debug|Any CPU
		{BDDB1589-F5B5-4920-8AB1-19CC399AC81B}.Debug|x64.ActiveCfg = Debug|Any CPU
		{BDDB1589-F5B5-4920-8AB1-19CC399AC81B}.Debug|x64.Build.0 = Debug|Any CPU
		{BDDB1589-F5B5-4920-8AB1-19CC399AC81B}.Debug|x86.ActiveCfg = Debug|Any CPU
		{BDDB1589-F5B5-4920-8AB1-19CC399AC81B}.Debug|x86.Build.0 = Debug|Any CPU
		{BDDB1589-F5B5-4920-8AB1-19CC399AC81B}.Release|Any CPU.ActiveCfg = Release|Any CPU
		{BDDB1589-F5B5-4920-8AB1-19CC399AC81B}.Release|Any CPU.Build.0 = Release|Any CPU
		{BDDB1589-F5B5-4920-8AB1-19CC399AC81B}.Release|x64.ActiveCfg = Release|Any CPU
		{BDDB1589-F5B5-4920-8AB1-19CC399AC81B}.Release|x64.Build.0 = Release|Any CPU
		{BDDB1589-F5B5-4920-8AB1-19CC399AC81B}.Release|x86.ActiveCfg = Release|Any CPU
		{BDDB1589-F5B5-4920-8AB1-19CC399AC81B}.Release|x86.Build.0 = Release|Any CPU
		{559006D8-9093-4253-808E-713763A9BBF1}.Debug|Any CPU.ActiveCfg = Debug|Any CPU
		{559006D8-9093-4253-808E-713763A9BBF1}.Debug|Any CPU.Build.0 = Debug|Any CPU
		{559006D8-9093-4253-808E-713763A9BBF1}.Debug|x64.ActiveCfg = Debug|Any CPU
		{559006D8-9093-4253-808E-713763A9BBF1}.Debug|x64.Build.0 = Debug|Any CPU
		{559006D8-9093-4253-808E-713763A9BBF1}.Debug|x86.ActiveCfg = Debug|Any CPU
		{559006D8-9093-4253-808E-713763A9BBF1}.Debug|x86.Build.0 = Debug|Any CPU
		{559006D8-9093-4253-808E-713763A9BBF1}.Release|Any CPU.ActiveCfg = Release|Any CPU
		{559006D8-9093-4253-808E-713763A9BBF1}.Release|Any CPU.Build.0 = Release|Any CPU
		{559006D8-9093-4253-808E-713763A9BBF1}.Release|x64.ActiveCfg = Release|Any CPU
		{559006D8-9093-4253-808E-713763A9BBF1}.Release|x64.Build.0 = Release|Any CPU
		{559006D8-9093-4253-808E-713763A9BBF1}.Release|x86.ActiveCfg = Release|Any CPU
		{559006D8-9093-4253-808E-713763A9BBF1}.Release|x86.Build.0 = Release|Any CPU
		{CE4B85E2-EFB3-47F9-AA10-D21DBCBFE6BD}.Debug|Any CPU.ActiveCfg = Debug|Any CPU
		{CE4B85E2-EFB3-47F9-AA10-D21DBCBFE6BD}.Debug|Any CPU.Build.0 = Debug|Any CPU
		{CE4B85E2-EFB3-47F9-AA10-D21DBCBFE6BD}.Debug|x64.ActiveCfg = Debug|Any CPU
		{CE4B85E2-EFB3-47F9-AA10-D21DBCBFE6BD}.Debug|x64.Build.0 = Debug|Any CPU
		{CE4B85E2-EFB3-47F9-AA10-D21DBCBFE6BD}.Debug|x86.ActiveCfg = Debug|Any CPU
		{CE4B85E2-EFB3-47F9-AA10-D21DBCBFE6BD}.Debug|x86.Build.0 = Debug|Any CPU
		{CE4B85E2-EFB3-47F9-AA10-D21DBCBFE6BD}.Release|Any CPU.ActiveCfg = Release|Any CPU
		{CE4B85E2-EFB3-47F9-AA10-D21DBCBFE6BD}.Release|Any CPU.Build.0 = Release|Any CPU
		{CE4B85E2-EFB3-47F9-AA10-D21DBCBFE6BD}.Release|x64.ActiveCfg = Release|Any CPU
		{CE4B85E2-EFB3-47F9-AA10-D21DBCBFE6BD}.Release|x64.Build.0 = Release|Any CPU
		{CE4B85E2-EFB3-47F9-AA10-D21DBCBFE6BD}.Release|x86.ActiveCfg = Release|Any CPU
		{CE4B85E2-EFB3-47F9-AA10-D21DBCBFE6BD}.Release|x86.Build.0 = Release|Any CPU
		{7158353E-432E-4A2F-8B46-49A24C269AFF}.Debug|Any CPU.ActiveCfg = Debug|Any CPU
		{7158353E-432E-4A2F-8B46-49A24C269AFF}.Debug|Any CPU.Build.0 = Debug|Any CPU
		{7158353E-432E-4A2F-8B46-49A24C269AFF}.Debug|x64.ActiveCfg = Debug|Any CPU
		{7158353E-432E-4A2F-8B46-49A24C269AFF}.Debug|x64.Build.0 = Debug|Any CPU
		{7158353E-432E-4A2F-8B46-49A24C269AFF}.Debug|x86.ActiveCfg = Debug|Any CPU
		{7158353E-432E-4A2F-8B46-49A24C269AFF}.Debug|x86.Build.0 = Debug|Any CPU
		{7158353E-432E-4A2F-8B46-49A24C269AFF}.Release|Any CPU.ActiveCfg = Release|Any CPU
		{7158353E-432E-4A2F-8B46-49A24C269AFF}.Release|Any CPU.Build.0 = Release|Any CPU
		{7158353E-432E-4A2F-8B46-49A24C269AFF}.Release|x64.ActiveCfg = Release|Any CPU
		{7158353E-432E-4A2F-8B46-49A24C269AFF}.Release|x64.Build.0 = Release|Any CPU
		{7158353E-432E-4A2F-8B46-49A24C269AFF}.Release|x86.ActiveCfg = Release|Any CPU
		{7158353E-432E-4A2F-8B46-49A24C269AFF}.Release|x86.Build.0 = Release|Any CPU
		{3C25C704-9B66-437D-ACB9-C4368B04B2F5}.Debug|Any CPU.ActiveCfg = Debug|Any CPU
		{3C25C704-9B66-437D-ACB9-C4368B04B2F5}.Debug|Any CPU.Build.0 = Debug|Any CPU
		{3C25C704-9B66-437D-ACB9-C4368B04B2F5}.Debug|x64.ActiveCfg = Debug|Any CPU
		{3C25C704-9B66-437D-ACB9-C4368B04B2F5}.Debug|x64.Build.0 = Debug|Any CPU
		{3C25C704-9B66-437D-ACB9-C4368B04B2F5}.Debug|x86.ActiveCfg = Debug|Any CPU
		{3C25C704-9B66-437D-ACB9-C4368B04B2F5}.Debug|x86.Build.0 = Debug|Any CPU
		{3C25C704-9B66-437D-ACB9-C4368B04B2F5}.Release|Any CPU.ActiveCfg = Release|Any CPU
		{3C25C704-9B66-437D-ACB9-C4368B04B2F5}.Release|Any CPU.Build.0 = Release|Any CPU
		{3C25C704-9B66-437D-ACB9-C4368B04B2F5}.Release|x64.ActiveCfg = Release|Any CPU
		{3C25C704-9B66-437D-ACB9-C4368B04B2F5}.Release|x64.Build.0 = Release|Any CPU
		{3C25C704-9B66-437D-ACB9-C4368B04B2F5}.Release|x86.ActiveCfg = Release|Any CPU
		{3C25C704-9B66-437D-ACB9-C4368B04B2F5}.Release|x86.Build.0 = Release|Any CPU
		{4A6BF7FA-1037-4572-BFD9-1EF45930F635}.Debug|Any CPU.ActiveCfg = Debug|Any CPU
		{4A6BF7FA-1037-4572-BFD9-1EF45930F635}.Debug|Any CPU.Build.0 = Debug|Any CPU
		{4A6BF7FA-1037-4572-BFD9-1EF45930F635}.Debug|x64.ActiveCfg = Debug|Any CPU
		{4A6BF7FA-1037-4572-BFD9-1EF45930F635}.Debug|x64.Build.0 = Debug|Any CPU
		{4A6BF7FA-1037-4572-BFD9-1EF45930F635}.Debug|x86.ActiveCfg = Debug|Any CPU
		{4A6BF7FA-1037-4572-BFD9-1EF45930F635}.Debug|x86.Build.0 = Debug|Any CPU
		{4A6BF7FA-1037-4572-BFD9-1EF45930F635}.Release|Any CPU.ActiveCfg = Release|Any CPU
		{4A6BF7FA-1037-4572-BFD9-1EF45930F635}.Release|Any CPU.Build.0 = Release|Any CPU
		{4A6BF7FA-1037-4572-BFD9-1EF45930F635}.Release|x64.ActiveCfg = Release|Any CPU
		{4A6BF7FA-1037-4572-BFD9-1EF45930F635}.Release|x64.Build.0 = Release|Any CPU
		{4A6BF7FA-1037-4572-BFD9-1EF45930F635}.Release|x86.ActiveCfg = Release|Any CPU
		{4A6BF7FA-1037-4572-BFD9-1EF45930F635}.Release|x86.Build.0 = Release|Any CPU
		{85DE18D6-DD43-4117-B465-53EBB8C2115E}.Debug|Any CPU.ActiveCfg = Debug|Any CPU
		{85DE18D6-DD43-4117-B465-53EBB8C2115E}.Debug|Any CPU.Build.0 = Debug|Any CPU
		{85DE18D6-DD43-4117-B465-53EBB8C2115E}.Debug|x64.ActiveCfg = Debug|Any CPU
		{85DE18D6-DD43-4117-B465-53EBB8C2115E}.Debug|x64.Build.0 = Debug|Any CPU
		{85DE18D6-DD43-4117-B465-53EBB8C2115E}.Debug|x86.ActiveCfg = Debug|Any CPU
		{85DE18D6-DD43-4117-B465-53EBB8C2115E}.Debug|x86.Build.0 = Debug|Any CPU
		{85DE18D6-DD43-4117-B465-53EBB8C2115E}.Release|Any CPU.ActiveCfg = Release|Any CPU
		{85DE18D6-DD43-4117-B465-53EBB8C2115E}.Release|Any CPU.Build.0 = Release|Any CPU
		{85DE18D6-DD43-4117-B465-53EBB8C2115E}.Release|x64.ActiveCfg = Release|Any CPU
		{85DE18D6-DD43-4117-B465-53EBB8C2115E}.Release|x64.Build.0 = Release|Any CPU
		{85DE18D6-DD43-4117-B465-53EBB8C2115E}.Release|x86.ActiveCfg = Release|Any CPU
		{85DE18D6-DD43-4117-B465-53EBB8C2115E}.Release|x86.Build.0 = Release|Any CPU
		{09A9B120-1193-4B15-B2F4-029101246F77}.Debug|Any CPU.ActiveCfg = Debug|Any CPU
		{09A9B120-1193-4B15-B2F4-029101246F77}.Debug|Any CPU.Build.0 = Debug|Any CPU
		{09A9B120-1193-4B15-B2F4-029101246F77}.Debug|x64.ActiveCfg = Debug|Any CPU
		{09A9B120-1193-4B15-B2F4-029101246F77}.Debug|x64.Build.0 = Debug|Any CPU
		{09A9B120-1193-4B15-B2F4-029101246F77}.Debug|x86.ActiveCfg = Debug|Any CPU
		{09A9B120-1193-4B15-B2F4-029101246F77}.Debug|x86.Build.0 = Debug|Any CPU
		{09A9B120-1193-4B15-B2F4-029101246F77}.Release|Any CPU.ActiveCfg = Release|Any CPU
		{09A9B120-1193-4B15-B2F4-029101246F77}.Release|Any CPU.Build.0 = Release|Any CPU
		{09A9B120-1193-4B15-B2F4-029101246F77}.Release|x64.ActiveCfg = Release|Any CPU
		{09A9B120-1193-4B15-B2F4-029101246F77}.Release|x64.Build.0 = Release|Any CPU
		{09A9B120-1193-4B15-B2F4-029101246F77}.Release|x86.ActiveCfg = Release|Any CPU
		{09A9B120-1193-4B15-B2F4-029101246F77}.Release|x86.Build.0 = Release|Any CPU
		{21E672E0-DC89-47E3-A153-AA701C82A44B}.Debug|Any CPU.ActiveCfg = Debug|Any CPU
		{21E672E0-DC89-47E3-A153-AA701C82A44B}.Debug|Any CPU.Build.0 = Debug|Any CPU
		{21E672E0-DC89-47E3-A153-AA701C82A44B}.Debug|x64.ActiveCfg = Debug|Any CPU
		{21E672E0-DC89-47E3-A153-AA701C82A44B}.Debug|x64.Build.0 = Debug|Any CPU
		{21E672E0-DC89-47E3-A153-AA701C82A44B}.Debug|x86.ActiveCfg = Debug|Any CPU
		{21E672E0-DC89-47E3-A153-AA701C82A44B}.Debug|x86.Build.0 = Debug|Any CPU
		{21E672E0-DC89-47E3-A153-AA701C82A44B}.Release|Any CPU.ActiveCfg = Release|Any CPU
		{21E672E0-DC89-47E3-A153-AA701C82A44B}.Release|Any CPU.Build.0 = Release|Any CPU
		{21E672E0-DC89-47E3-A153-AA701C82A44B}.Release|x64.ActiveCfg = Release|Any CPU
		{21E672E0-DC89-47E3-A153-AA701C82A44B}.Release|x64.Build.0 = Release|Any CPU
		{21E672E0-DC89-47E3-A153-AA701C82A44B}.Release|x86.ActiveCfg = Release|Any CPU
		{21E672E0-DC89-47E3-A153-AA701C82A44B}.Release|x86.Build.0 = Release|Any CPU
		{6F6408B8-9F66-4355-A819-63AB51F8B00F}.Debug|Any CPU.ActiveCfg = Debug|Any CPU
		{6F6408B8-9F66-4355-A819-63AB51F8B00F}.Debug|Any CPU.Build.0 = Debug|Any CPU
		{6F6408B8-9F66-4355-A819-63AB51F8B00F}.Debug|x64.ActiveCfg = Debug|Any CPU
		{6F6408B8-9F66-4355-A819-63AB51F8B00F}.Debug|x64.Build.0 = Debug|Any CPU
		{6F6408B8-9F66-4355-A819-63AB51F8B00F}.Debug|x86.ActiveCfg = Debug|Any CPU
		{6F6408B8-9F66-4355-A819-63AB51F8B00F}.Debug|x86.Build.0 = Debug|Any CPU
		{6F6408B8-9F66-4355-A819-63AB51F8B00F}.Release|Any CPU.ActiveCfg = Release|Any CPU
		{6F6408B8-9F66-4355-A819-63AB51F8B00F}.Release|Any CPU.Build.0 = Release|Any CPU
		{6F6408B8-9F66-4355-A819-63AB51F8B00F}.Release|x64.ActiveCfg = Release|Any CPU
		{6F6408B8-9F66-4355-A819-63AB51F8B00F}.Release|x64.Build.0 = Release|Any CPU
		{6F6408B8-9F66-4355-A819-63AB51F8B00F}.Release|x86.ActiveCfg = Release|Any CPU
		{6F6408B8-9F66-4355-A819-63AB51F8B00F}.Release|x86.Build.0 = Release|Any CPU
	EndGlobalSection
	GlobalSection(SolutionProperties) = preSolution
		HideSolutionNode = FALSE
	EndGlobalSection
	GlobalSection(NestedProjects) = preSolution
		{49481AFC-7FC0-5D74-2BC1-662F9DF9036A} = {BBD90292-AD06-4B24-8BCC-E45A44F27F82}
		{056C9E85-47F6-598C-8037-ACDD789BA7DD} = {81D6B910-BD27-4AFB-B05D-E8DD213BFD27}
		{F2E99996-F1F9-4E6B-A628-031F8BDCE53B} = {02EA681E-C7D8-13C7-8484-4AC65E1B71E8}
		{C0168576-6AD2-46DA-9A14-8C0157A8760D} = {F2E99996-F1F9-4E6B-A628-031F8BDCE53B}
		{FF58B9C5-3EA2-4773-B679-A52C19F76D01} = {BBD90292-AD06-4B24-8BCC-E45A44F27F82}
		{9C0E270D-9140-4773-B7BC-5E0F0ED2B3CD} = {F2010EA9-F2F9-42AB-90BD-C1D5542F1943}
		{B0AF1B7A-474D-4B04-A2BA-80398AF626B2} = {F2E99996-F1F9-4E6B-A628-031F8BDCE53B}
		{DBA22CD9-C3A7-4489-AAEC-B99DF6737BD5} = {F2010EA9-F2F9-42AB-90BD-C1D5542F1943}
		{974C72BA-4C9B-464B-8BDB-02D7F613AE88} = {CE76727A-4E05-431D-9DEB-08DF19579DF3}
		{BDDB1589-F5B5-4920-8AB1-19CC399AC81B} = {F2010EA9-F2F9-42AB-90BD-C1D5542F1943}
		{559006D8-9093-4253-808E-713763A9BBF1} = {F2010EA9-F2F9-42AB-90BD-C1D5542F1943}
		{CE4B85E2-EFB3-47F9-AA10-D21DBCBFE6BD} = {81D6B910-BD27-4AFB-B05D-E8DD213BFD27}
		{7158353E-432E-4A2F-8B46-49A24C269AFF} = {BBD90292-AD06-4B24-8BCC-E45A44F27F82}
		{81D6B910-BD27-4AFB-B05D-E8DD213BFD27} = {02EA681E-C7D8-13C7-8484-4AC65E1B71E8}
		{BBD90292-AD06-4B24-8BCC-E45A44F27F82} = {02EA681E-C7D8-13C7-8484-4AC65E1B71E8}
		{CE76727A-4E05-431D-9DEB-08DF19579DF3} = {02EA681E-C7D8-13C7-8484-4AC65E1B71E8}
		{3C25C704-9B66-437D-ACB9-C4368B04B2F5} = {F2010EA9-F2F9-42AB-90BD-C1D5542F1943}
		{4A6BF7FA-1037-4572-BFD9-1EF45930F635} = {F2E99996-F1F9-4E6B-A628-031F8BDCE53B}
		{85DE18D6-DD43-4117-B465-53EBB8C2115E} = {F2010EA9-F2F9-42AB-90BD-C1D5542F1943}
		{09A9B120-1193-4B15-B2F4-029101246F77} = {F2E99996-F1F9-4E6B-A628-031F8BDCE53B}
		{21E672E0-DC89-47E3-A153-AA701C82A44B} = {F2010EA9-F2F9-42AB-90BD-C1D5542F1943}
		{6F6408B8-9F66-4355-A819-63AB51F8B00F} = {F2010EA9-F2F9-42AB-90BD-C1D5542F1943}
	EndGlobalSection
	GlobalSection(ExtensibilityGlobals) = postSolution
		SolutionGuid = {EA111F3D-3B90-4C94-9F5A-561314FB5098}
	EndGlobalSection
EndGlobal
